
Microsoft Visual Studio Solution File, Format Version 12.00
# Visual Studio Version 17
VisualStudioVersion = 17.12.35707.178
MinimumVisualStudioVersion = 10.0.40219.1
Project("{FAE04EC0-301F-11D3-BF4B-00C04F79EFBC}") = "BackupEngine", "BackupEngine\BackupEngine.csproj", "{8B9B39D6-4AE7-4392-9071-4F7F027E8942}"
EndProject
Project("{FAE04EC0-301F-11D3-BF4B-00C04F79EFBC}") = "EasySaveConsole", "EasySaveConsole\EasySaveConsole.csproj", "{95F3005B-23EA-4D76-9347-50AF1741E5BF}"
EndProject
Project("{FAE04EC0-301F-11D3-BF4B-00C04F79EFBC}") = "LogLib", "LogLib\LogLib.csproj", "{890301B6-E531-4068-9FB9-82C5EF6D8ED8}"
EndProject
Project("{FAE04EC0-301F-11D3-BF4B-00C04F79EFBC}") = "CryptoSoft", "CryptoSoft\CryptoSoft.csproj", "{65B5D3AE-394E-4CE3-8201-925DDBE7E3FD}"
EndProject
Project("{FAE04EC0-301F-11D3-BF4B-00C04F79EFBC}") = "EasySaveGUI", "EasySaveGUI\EasySaveGUI.csproj", "{75E9EC71-5F5B-4F93-9442-3ADFFE3B1449}"
EndProject
Global
	GlobalSection(SolutionConfigurationPlatforms) = preSolution
		Debug|Any CPU = Debug|Any CPU
		Release|Any CPU = Release|Any CPU
	EndGlobalSection
	GlobalSection(ProjectConfigurationPlatforms) = postSolution
		{8B9B39D6-4AE7-4392-9071-4F7F027E8942}.Debug|Any CPU.ActiveCfg = Debug|Any CPU
		{8B9B39D6-4AE7-4392-9071-4F7F027E8942}.Debug|Any CPU.Build.0 = Debug|Any CPU
		{8B9B39D6-4AE7-4392-9071-4F7F027E8942}.Release|Any CPU.ActiveCfg = Release|Any CPU
		{8B9B39D6-4AE7-4392-9071-4F7F027E8942}.Release|Any CPU.Build.0 = Release|Any CPU
		{95F3005B-23EA-4D76-9347-50AF1741E5BF}.Debug|Any CPU.ActiveCfg = Debug|Any CPU
		{95F3005B-23EA-4D76-9347-50AF1741E5BF}.Debug|Any CPU.Build.0 = Debug|Any CPU
		{95F3005B-23EA-4D76-9347-50AF1741E5BF}.Release|Any CPU.ActiveCfg = Release|Any CPU
		{95F3005B-23EA-4D76-9347-50AF1741E5BF}.Release|Any CPU.Build.0 = Release|Any CPU
		{890301B6-E531-4068-9FB9-82C5EF6D8ED8}.Debug|Any CPU.ActiveCfg = Debug|Any CPU
		{890301B6-E531-4068-9FB9-82C5EF6D8ED8}.Debug|Any CPU.Build.0 = Debug|Any CPU
		{890301B6-E531-4068-9FB9-82C5EF6D8ED8}.Release|Any CPU.ActiveCfg = Release|Any CPU
		{890301B6-E531-4068-9FB9-82C5EF6D8ED8}.Release|Any CPU.Build.0 = Release|Any CPU
		{65B5D3AE-394E-4CE3-8201-925DDBE7E3FD}.Debug|Any CPU.ActiveCfg = Debug|Any CPU
		{65B5D3AE-394E-4CE3-8201-925DDBE7E3FD}.Debug|Any CPU.Build.0 = Debug|Any CPU
		{65B5D3AE-394E-4CE3-8201-925DDBE7E3FD}.Release|Any CPU.ActiveCfg = Release|Any CPU
		{65B5D3AE-394E-4CE3-8201-925DDBE7E3FD}.Release|Any CPU.Build.0 = Release|Any CPU
		{75E9EC71-5F5B-4F93-9442-3ADFFE3B1449}.Debug|Any CPU.ActiveCfg = Debug|Any CPU
		{75E9EC71-5F5B-4F93-9442-3ADFFE3B1449}.Debug|Any CPU.Build.0 = Debug|Any CPU
		{75E9EC71-5F5B-4F93-9442-3ADFFE3B1449}.Release|Any CPU.ActiveCfg = Release|Any CPU
		{75E9EC71-5F5B-4F93-9442-3ADFFE3B1449}.Release|Any CPU.Build.0 = Release|Any CPU
	EndGlobalSection
	GlobalSection(SolutionProperties) = preSolution
		HideSolutionNode = FALSE
	EndGlobalSection
EndGlobal
